Microsoft Visual Studio Solution File, Format Version 11.00
# Visual Studio 2008

Project("{91FDDDA6-B59F-C355-64CA-3A58156A1088}") = "RingGame", "Assembly-CSharp-firstpass.csproj", "{98BE821B-801C-B409-10FF-75FBF5E18F1D}"
EndProject
Project("{91FDDDA6-B59F-C355-64CA-3A58156A1088}") = "RingGame", "Assembly-CSharp.csproj", "{E1B3A2B6-D9D2-3EB5-7424-883AA2132C74}"
EndProject
Project("{91FDDDA6-B59F-C355-64CA-3A58156A1088}") = "RingGame", "Assembly-CSharp-Editor.csproj", "{3E9EB4C0-FDCD-1266-FCCC-E6F0C44C72C9}"
EndProject
Global
	GlobalSection(SolutionConfigurationPlatforms) = preSolution
		Debug|Any CPU = Debug|Any CPU
		Release|Any CPU = Release|Any CPU
	EndGlobalSection
	GlobalSection(ProjectConfigurationPlatforms) = postSolution
		{98BE821B-801C-B409-10FF-75FBF5E18F1D}.Debug|Any CPU.ActiveCfg = Debug|Any CPU
		{98BE821B-801C-B409-10FF-75FBF5E18F1D}.Debug|Any CPU.Build.0 = Debug|Any CPU
		{98BE821B-801C-B409-10FF-75FBF5E18F1D}.Release|Any CPU.ActiveCfg = Release|Any CPU
		{98BE821B-801C-B409-10FF-75FBF5E18F1D}.Release|Any CPU.Build.0 = Release|Any CPU
		{E1B3A2B6-D9D2-3EB5-7424-883AA2132C74}.Debug|Any CPU.ActiveCfg = Debug|Any CPU
		{E1B3A2B6-D9D2-3EB5-7424-883AA2132C74}.Debug|Any CPU.Build.0 = Debug|Any CPU
		{E1B3A2B6-D9D2-3EB5-7424-883AA2132C74}.Release|Any CPU.ActiveCfg = Release|Any CPU
		{E1B3A2B6-D9D2-3EB5-7424-883AA2132C74}.Release|Any CPU.Build.0 = Release|Any CPU
		{3E9EB4C0-FDCD-1266-FCCC-E6F0C44C72C9}.Debug|Any CPU.ActiveCfg = Debug|Any CPU
		{3E9EB4C0-FDCD-1266-FCCC-E6F0C44C72C9}.Debug|Any CPU.Build.0 = Debug|Any CPU
		{3E9EB4C0-FDCD-1266-FCCC-E6F0C44C72C9}.Release|Any CPU.ActiveCfg = Release|Any CPU
		{3E9EB4C0-FDCD-1266-FCCC-E6F0C44C72C9}.Release|Any CPU.Build.0 = Release|Any CPU
	EndGlobalSection
	GlobalSection(SolutionProperties) = preSolution
		HideSolutionNode = FALSE
	EndGlobalSection
	GlobalSection(MonoDevelopProperties) = preSolution
		StartupItem = Assembly-CSharp.csproj
	EndGlobalSection
EndGlobal
