
Microsoft Visual Studio Solution File, Format Version 12.00
# Visual Studio 2015
Project("{FAE04EC0-301F-11D3-BF4B-00C04F79EFBC}") = "RingGame.Plugins", "RingGame.Plugins.csproj", "{B467F7B3-34A5-902E-429C-52A7CB2108E9}"
EndProject
Project("{FAE04EC0-301F-11D3-BF4B-00C04F79EFBC}") = "RingGame", "RingGame.csproj", "{3545E425-24FE-6D1B-9684-8B994082EFA2}"
EndProject
Project("{FAE04EC0-301F-11D3-BF4B-00C04F79EFBC}") = "RingGame.Editor", "RingGame.Editor.csproj", "{0F4D0DB4-2938-32A6-F3FC-D9A20B9C190E}"
EndProject
Global
	GlobalSection(SolutionConfigurationPlatforms) = preSolution
		Debug|Any CPU = Debug|Any CPU
		Release|Any CPU = Release|Any CPU
	EndGlobalSection
	GlobalSection(ProjectConfigurationPlatforms) = postSolution
		{B467F7B3-34A5-902E-429C-52A7CB2108E9}.Debug|Any CPU.ActiveCfg = Debug|Any CPU
		{B467F7B3-34A5-902E-429C-52A7CB2108E9}.Debug|Any CPU.Build.0 = Debug|Any CPU
		{B467F7B3-34A5-902E-429C-52A7CB2108E9}.Release|Any CPU.ActiveCfg = Release|Any CPU
		{B467F7B3-34A5-902E-429C-52A7CB2108E9}.Release|Any CPU.Build.0 = Release|Any CPU
		{3545E425-24FE-6D1B-9684-8B994082EFA2}.Debug|Any CPU.ActiveCfg = Debug|Any CPU
		{3545E425-24FE-6D1B-9684-8B994082EFA2}.Debug|Any CPU.Build.0 = Debug|Any CPU
		{3545E425-24FE-6D1B-9684-8B994082EFA2}.Release|Any CPU.ActiveCfg = Release|Any CPU
		{3545E425-24FE-6D1B-9684-8B994082EFA2}.Release|Any CPU.Build.0 = Release|Any CPU
		{0F4D0DB4-2938-32A6-F3FC-D9A20B9C190E}.Debug|Any CPU.ActiveCfg = Debug|Any CPU
		{0F4D0DB4-2938-32A6-F3FC-D9A20B9C190E}.Debug|Any CPU.Build.0 = Debug|Any CPU
		{0F4D0DB4-2938-32A6-F3FC-D9A20B9C190E}.Release|Any CPU.ActiveCfg = Release|Any CPU
		{0F4D0DB4-2938-32A6-F3FC-D9A20B9C190E}.Release|Any CPU.Build.0 = Release|Any CPU
	EndGlobalSection
	GlobalSection(SolutionProperties) = preSolution
		HideSolutionNode = FALSE
	EndGlobalSection
EndGlobal
